
Microsoft Visual Studio Solution File, Format Version 12.00
# Visual Studio Version 16
VisualStudioVersion = 16.0.34114.132
MinimumVisualStudioVersion = 10.0.40219.1
Project("{FAE04EC0-301F-11D3-BF4B-00C04F79EFBC}") = "Lab4", "Lab4\Lab4.csproj", "{69C4FBDF-12A5-4840-8C4B-CDC472400398}"
EndProject
Project("{FAE04EC0-301F-11D3-BF4B-00C04F79EFBC}") = "Square Root", "Square Root\Square Root.csproj", "{23056A72-E9C2-43CA-8F2F-7BFF1F2FE322}"
EndProject
Project("{FAE04EC0-301F-11D3-BF4B-00C04F79EFBC}") = "Кортеж SQRT", "Кортеж SQRT\Кортеж SQRT.csproj", "{6D371755-B6F7-4B27-A72F-24958A5563C3}"
EndProject
Global
	GlobalSection(SolutionConfigurationPlatforms) = preSolution
		Debug|Any CPU = Debug|Any CPU
		Release|Any CPU = Release|Any CPU
	EndGlobalSection
	GlobalSection(ProjectConfigurationPlatforms) = postSolution
		{69C4FBDF-12A5-4840-8C4B-CDC472400398}.Debug|Any CPU.ActiveCfg = Debug|Any CPU
		{69C4FBDF-12A5-4840-8C4B-CDC472400398}.Debug|Any CPU.Build.0 = Debug|Any CPU
		{69C4FBDF-12A5-4840-8C4B-CDC472400398}.Release|Any CPU.ActiveCfg = Release|Any CPU
		{69C4FBDF-12A5-4840-8C4B-CDC472400398}.Release|Any CPU.Build.0 = Release|Any CPU
		{23056A72-E9C2-43CA-8F2F-7BFF1F2FE322}.Debug|Any CPU.ActiveCfg = Debug|Any CPU
		{23056A72-E9C2-43CA-8F2F-7BFF1F2FE322}.Debug|Any CPU.Build.0 = Debug|Any CPU
		{23056A72-E9C2-43CA-8F2F-7BFF1F2FE322}.Release|Any CPU.ActiveCfg = Release|Any CPU
		{23056A72-E9C2-43CA-8F2F-7BFF1F2FE322}.Release|Any CPU.Build.0 = Release|Any CPU
		{6D371755-B6F7-4B27-A72F-24958A5563C3}.Debug|Any CPU.ActiveCfg = Debug|Any CPU
		{6D371755-B6F7-4B27-A72F-24958A5563C3}.Debug|Any CPU.Build.0 = Debug|Any CPU
		{6D371755-B6F7-4B27-A72F-24958A5563C3}.Release|Any CPU.ActiveCfg = Release|Any CPU
		{6D371755-B6F7-4B27-A72F-24958A5563C3}.Release|Any CPU.Build.0 = Release|Any CPU
	EndGlobalSection
	GlobalSection(SolutionProperties) = preSolution
		HideSolutionNode = FALSE
	EndGlobalSection
	GlobalSection(ExtensibilityGlobals) = postSolution
		SolutionGuid = {FA6985B9-E933-4ECF-98C7-36B46D6A25A8}
	EndGlobalSection
EndGlobal
